
Microsoft Visual Studio Solution File, Format Version 12.00
Project("{FAE04EC0-301F-11D3-BF4B-00C04F79EFBC}") = "OrdersManager", "OrdersManager\OrdersManager.csproj", "{928FFC1F-4D95-4B0A-B0E9-AE97DD89C44D}"
EndProject
Global
	GlobalSection(SolutionConfigurationPlatforms) = preSolution
		Debug|Any CPU = Debug|Any CPU
		Release|Any CPU = Release|Any CPU
	EndGlobalSection
	GlobalSection(ProjectConfigurationPlatforms) = postSolution
		{928FFC1F-4D95-4B0A-B0E9-AE97DD89C44D}.Debug|Any CPU.ActiveCfg = Debug|Any CPU
		{928FFC1F-4D95-4B0A-B0E9-AE97DD89C44D}.Debug|Any CPU.Build.0 = Debug|Any CPU
		{928FFC1F-4D95-4B0A-B0E9-AE97DD89C44D}.Release|Any CPU.ActiveCfg = Release|Any CPU
		{928FFC1F-4D95-4B0A-B0E9-AE97DD89C44D}.Release|Any CPU.Build.0 = Release|Any CPU
	EndGlobalSection
EndGlobal
